// !$*UTF8*$!
{
	archiveVersion = 1;
	classes = {
	};
	objectVersion = 46;
	objects = {

/* Begin PBXBuildFile section */
		B1FD78381AB4B1EF009DB201 /* main.m in Sources */ = {isa = PBXBuildFile; fileRef = B1FD78371AB4B1EF009DB201 /* main.m */; };
		B1FD783B1AB4B1EF009DB201 /* AppDelegate.m in Sources */ = {isa = PBXBuildFile; fileRef = B1FD783A1AB4B1EF009DB201 /* AppDelegate.m */; };
		B1FD783E1AB4B1EF009DB201 /* ViewController.m in Sources */ = {isa = PBXBuildFile; fileRef = B1FD783D1AB4B1EF009DB201 /* ViewController.m */; };
		B1FD78411AB4B1EF009DB201 /* Main.storyboard in Resources */ = {isa = PBXBuildFile; fileRef = B1FD783F1AB4B1EF009DB201 /* Main.storyboard */; };
		B1FD78431AB4B1EF009DB201 /* Images.xcassets in Resources */ = {isa = PBXBuildFile; fileRef = B1FD78421AB4B1EF009DB201 /* Images.xcassets */; };
		B1FD78461AB4B1EF009DB201 /* LaunchScreen.xib in Resources */ = {isa = PBXBuildFile; fileRef = B1FD78441AB4B1EF009DB201 /* LaunchScreen.xib */; };
		B1FD78521AB4B1EF009DB201 /* HomeWork_ScribeTests.m in Sources */ = {isa = PBXBuildFile; fileRef = B1FD78511AB4B1EF009DB201 /* HomeWork_ScribeTests.m */; };
		B1FD785D1AB4B21D009DB201 /* navigationViewController.m in Sources */ = {isa = PBXBuildFile; fileRef = B1FD785C1AB4B21D009DB201 /* navigationViewController.m */; };
		B1FD78601AB4B22D009DB201 /* SWRevealViewController.m in Sources */ = {isa = PBXBuildFile; fileRef = B1FD785F1AB4B22D009DB201 /* SWRevealViewController.m */; };
		B1FD78651AB4B479009DB201 /* calanderTableViewController.m in Sources */ = {isa = PBXBuildFile; fileRef = B1FD78641AB4B479009DB201 /* calanderTableViewController.m */; };
		B1FD78691AB4B627009DB201 /* navmenu.png in Resources */ = {isa = PBXBuildFile; fileRef = B1FD78681AB4B627009DB201 /* navmenu.png */; };
		B1FD78701AB4B728009DB201 /* dataClass.m in Sources */ = {isa = PBXBuildFile; fileRef = B1FD786F1AB4B728009DB201 /* dataClass.m */; };
		B1FD78931AB4BC27009DB201 /* PDTSimpleCalendarViewCell.m in Sources */ = {isa = PBXBuildFile; fileRef = B1FD788C1AB4BC27009DB201 /* PDTSimpleCalendarViewCell.m */; };
		B1FD78941AB4BC27009DB201 /* PDTSimpleCalendarViewController.m in Sources */ = {isa = PBXBuildFile; fileRef = B1FD788E1AB4BC27009DB201 /* PDTSimpleCalendarViewController.m */; };
		B1FD78951AB4BC27009DB201 /* PDTSimpleCalendarViewFlowLayout.m in Sources */ = {isa = PBXBuildFile; fileRef = B1FD78901AB4BC27009DB201 /* PDTSimpleCalendarViewFlowLayout.m */; };
		B1FD78961AB4BC27009DB201 /* PDTSimpleCalendarViewHeader.m in Sources */ = {isa = PBXBuildFile; fileRef = B1FD78921AB4BC27009DB201 /* PDTSimpleCalendarViewHeader.m */; };
		B1FD789A1AB4C461009DB201 /* AddViewController.m in Sources */ = {isa = PBXBuildFile; fileRef = B1FD78991AB4C461009DB201 /* AddViewController.m */; };
		B1FD789C1AB608F6009DB201 /* Foundation.framework in Frameworks */ = {isa = PBXBuildFile; fileRef = B1FD789B1AB608F6009DB201 /* Foundation.framework */; };
		B1FD789E1AB60907009DB201 /* libsqlite3.dylib in Frameworks */ = {isa = PBXBuildFile; fileRef = B1FD789D1AB60907009DB201 /* libsqlite3.dylib */; };
		B1FD78A11AB6097A009DB201 /* DBManager.m in Sources */ = {isa = PBXBuildFile; fileRef = B1FD78A01AB6097A009DB201 /* DBManager.m */; };
		BB0E90C061B77410D76F8D17 /* libPods.a in Frameworks */ = {isa = PBXBuildFile; fileRef = D9A7EFCBDC4183C834FCF65F /* libPods.a */; };
		D711FD971AF2DF1B005C1F6B /* menu.png in Resources */ = {isa = PBXBuildFile; fileRef = D711FD941AF2DF1B005C1F6B /* menu.png */; };
		D711FD981AF2DF1B005C1F6B /* menu@2x.png in Resources */ = {isa = PBXBuildFile; fileRef = D711FD951AF2DF1B005C1F6B /* menu@2x.png */; };
		D711FD991AF2DF1B005C1F6B /* menu@3x.png in Resources */ = {isa = PBXBuildFile; fileRef = D711FD961AF2DF1B005C1F6B /* menu@3x.png */; };
		D711FD9D1AF3218B005C1F6B /* 320X140.png in Resources */ = {isa = PBXBuildFile; fileRef = D711FD9A1AF3218B005C1F6B /* 320X140.png */; };
		D711FD9E1AF3218B005C1F6B /* 375X140.png in Resources */ = {isa = PBXBuildFile; fileRef = D711FD9B1AF3218B005C1F6B /* 375X140.png */; };
		D711FD9F1AF3218B005C1F6B /* 414X140.png in Resources */ = {isa = PBXBuildFile; fileRef = D711FD9C1AF3218B005C1F6B /* 414X140.png */; };
		D711FE351AF5B1A8005C1F6B /* 375X140Alt.png in Resources */ = {isa = PBXBuildFile; fileRef = D711FE321AF5B1A8005C1F6B /* 375X140Alt.png */; };
		D711FE361AF5B1A8005C1F6B /* 414X140Alt.png in Resources */ = {isa = PBXBuildFile; fileRef = D711FE331AF5B1A8005C1F6B /* 414X140Alt.png */; };
		D711FE371AF5B1A8005C1F6B /* 320X140Alt.png in Resources */ = {isa = PBXBuildFile; fileRef = D711FE341AF5B1A8005C1F6B /* 320X140Alt.png */; };
		D71244F71AF85A4700566E9F /* setUpViewController.m in Sources */ = {isa = PBXBuildFile; fileRef = D71244F61AF85A4700566E9F /* setUpViewController.m */; };
		D71244FA1AF85F6500566E9F /* subjectSetUpViewController.m in Sources */ = {isa = PBXBuildFile; fileRef = D71244F91AF85F6500566E9F /* subjectSetUpViewController.m */; };
		D71244FD1AF986FF00566E9F /* customSubjectPickerTableViewController.m in Sources */ = {isa = PBXBuildFile; fileRef = D71244FC1AF986FF00566E9F /* customSubjectPickerTableViewController.m */; };
		D7342E701AE813C600394432 /* detailViewController.m in Sources */ = {isa = PBXBuildFile; fileRef = D7342E6F1AE813C600394432 /* detailViewController.m */; };
		D739F0131AECA0C7000C2FF1 /* 29.png in Resources */ = {isa = PBXBuildFile; fileRef = D739F0121AECA0C7000C2FF1 /* 29.png */; };
		D739F0151AECA12F000C2FF1 /* 40.png in Resources */ = {isa = PBXBuildFile; fileRef = D739F0141AECA12F000C2FF1 /* 40.png */; };
		D739F0171AECA188000C2FF1 /* 76.png in Resources */ = {isa = PBXBuildFile; fileRef = D739F0161AECA188000C2FF1 /* 76.png */; };
		D739F0191AECA1E7000C2FF1 /* 152.png in Resources */ = {isa = PBXBuildFile; fileRef = D739F0181AECA1E7000C2FF1 /* 152.png */; };
		D739F08B1AF03914000C2FF1 /* back.png in Resources */ = {isa = PBXBuildFile; fileRef = D739F0881AF03914000C2FF1 /* back.png */; };
		D739F08C1AF03914000C2FF1 /* back@2x.png in Resources */ = {isa = PBXBuildFile; fileRef = D739F0891AF03914000C2FF1 /* back@2x.png */; };
		D739F08D1AF03914000C2FF1 /* back@3x.png in Resources */ = {isa = PBXBuildFile; fileRef = D739F08A1AF03914000C2FF1 /* back@3x.png */; };
		D739F0901AF03C6D000C2FF1 /* SDiPhoneVersion.m in Sources */ = {isa = PBXBuildFile; fileRef = D739F08F1AF03C6D000C2FF1 /* SDiPhoneVersion.m */; };
		D739F0931AF07367000C2FF1 /* animator.m in Sources */ = {isa = PBXBuildFile; fileRef = D739F0921AF07367000C2FF1 /* animator.m */; };
		D742E8E91AE9699D009A4904 /* JFMinimalNotification.m in Sources */ = {isa = PBXBuildFile; fileRef = D742E8E01AE9699D009A4904 /* JFMinimalNotification.m */; };
		D742E8EA1AE9699D009A4904 /* JFMinimalNotificationArt.m in Sources */ = {isa = PBXBuildFile; fileRef = D742E8E21AE9699D009A4904 /* JFMinimalNotificationArt.m */; };
		D742E8EB1AE9699D009A4904 /* NSInvocation+Constructors.m in Sources */ = {isa = PBXBuildFile; fileRef = D742E8E41AE9699D009A4904 /* NSInvocation+Constructors.m */; };
		D742E8EC1AE9699D009A4904 /* UIColor+JFMinimalNotificationColors.m in Sources */ = {isa = PBXBuildFile; fileRef = D742E8E61AE9699D009A4904 /* UIColor+JFMinimalNotificationColors.m */; };
		D742E8ED1AE9699D009A4904 /* UIView+Round.m in Sources */ = {isa = PBXBuildFile; fileRef = D742E8E81AE9699D009A4904 /* UIView+Round.m */; };
		D742E8EF1AE969A9009A4904 /* CoreGraphics.framework in Frameworks */ = {isa = PBXBuildFile; fileRef = D742E8EE1AE969A9009A4904 /* CoreGraphics.framework */; };
		D742E8F11AE97268009A4904 /* View.xib in Resources */ = {isa = PBXBuildFile; fileRef = D742E8F01AE97268009A4904 /* View.xib */; };
		D757E56D1AE9FE9B00654044 /* notesTableViewController.m in Sources */ = {isa = PBXBuildFile; fileRef = D757E56C1AE9FE9B00654044 /* notesTableViewController.m */; };
		D757E5701AE9FFCE00654044 /* notePadViewController.m in Sources */ = {isa = PBXBuildFile; fileRef = D757E56F1AE9FFCE00654044 /* notePadViewController.m */; };
		D757E5801AEAE4D400654044 /* 58.png in Resources */ = {isa = PBXBuildFile; fileRef = D757E57B1AEAE4D400654044 /* 58.png */; };
		D757E5811AEAE4D400654044 /* 80.png in Resources */ = {isa = PBXBuildFile; fileRef = D757E57C1AEAE4D400654044 /* 80.png */; };
		D757E5821AEAE4D400654044 /* 87.png in Resources */ = {isa = PBXBuildFile; fileRef = D757E57D1AEAE4D400654044 /* 87.png */; };
		D757E5831AEAE4D400654044 /* 120.png in Resources */ = {isa = PBXBuildFile; fileRef = D757E57E1AEAE4D400654044 /* 120.png */; };
		D757E5841AEAE4D400654044 /* 180.png in Resources */ = {isa = PBXBuildFile; fileRef = D757E57F1AEAE4D400654044 /* 180.png */; };
		D7607E791AB53B840042F642 /* allTableViewController.m in Sources */ = {isa = PBXBuildFile; fileRef = D7607E781AB53B840042F642 /* allTableViewController.m */; };
		D772AEE11AE83E06001B71B0 /* Logo.png in Resources */ = {isa = PBXBuildFile; fileRef = D772AEE01AE83E06001B71B0 /* Logo.png */; };
		D784281D1AF0821D00669910 /* splahicon.png in Resources */ = {isa = PBXBuildFile; fileRef = D784281A1AF0821D00669910 /* splahicon.png */; };
		D784281E1AF0821D00669910 /* splahicon@2x.png in Resources */ = {isa = PBXBuildFile; fileRef = D784281B1AF0821D00669910 /* splahicon@2x.png */; };
		D784281F1AF0821D00669910 /* splahicon@3x.png in Resources */ = {isa = PBXBuildFile; fileRef = D784281C1AF0821D00669910 /* splahicon@3x.png */; };
		D78AD00D1AE99CBD00FD6CDC /* QuartzCore.framework in Frameworks */ = {isa = PBXBuildFile; fileRef = D78AD00C1AE99CBD00FD6CDC /* QuartzCore.framework */; };
		D78AD0211AE9B3BB00FD6CDC /* UpcomingController.m in Sources */ = {isa = PBXBuildFile; fileRef = D78AD0201AE9B3BB00FD6CDC /* UpcomingController.m */; };
		D7BBB9891AF6DE4B00149DF2 /* notificationEditTableViewController.m in Sources */ = {isa = PBXBuildFile; fileRef = D7BBB9881AF6DE4B00149DF2 /* notificationEditTableViewController.m */; };
		D7BBB9931AF6EE1B00149DF2 /* AboutScreenAppIcon@3x.png in Resources */ = {isa = PBXBuildFile; fileRef = D7BBB9901AF6EE1B00149DF2 /* AboutScreenAppIcon@3x.png */; };
		D7BBB9941AF6EE1B00149DF2 /* AboutScreenAppIcon@2x.png in Resources */ = {isa = PBXBuildFile; fileRef = D7BBB9911AF6EE1B00149DF2 /* AboutScreenAppIcon@2x.png */; };
		D7BBB9951AF6EE1B00149DF2 /* AboutScreenAppIcon.png in Resources */ = {isa = PBXBuildFile; fileRef = D7BBB9921AF6EE1B00149DF2 /* AboutScreenAppIcon.png */; };
		D7C992011AFB070800A3F48C /* calender.png in Resources */ = {isa = PBXBuildFile; fileRef = D7C991FE1AFB070800A3F48C /* calender.png */; };
		D7C992021AFB070800A3F48C /* calender@2x.png in Resources */ = {isa = PBXBuildFile; fileRef = D7C991FF1AFB070800A3F48C /* calender@2x.png */; };
		D7C992031AFB070800A3F48C /* calender@3x.png in Resources */ = {isa = PBXBuildFile; fileRef = D7C992001AFB070800A3F48C /* calender@3x.png */; };
		D7C992071AFB074600A3F48C /* clock.png in Resources */ = {isa = PBXBuildFile; fileRef = D7C992041AFB074600A3F48C /* clock.png */; };
		D7C992081AFB074600A3F48C /* clock@2x.png in Resources */ = {isa = PBXBuildFile; fileRef = D7C992051AFB074600A3F48C /* clock@2x.png */; };
		D7C992091AFB074600A3F48C /* clock@3x.png in Resources */ = {isa = PBXBuildFile; fileRef = D7C992061AFB074600A3F48C /* clock@3x.png */; };
		D7C9920D1AFB077000A3F48C /* list.png in Resources */ = {isa = PBXBuildFile; fileRef = D7C9920A1AFB077000A3F48C /* list.png */; };
		D7C9920E1AFB077000A3F48C /* list@2x.png in Resources */ = {isa = PBXBuildFile; fileRef = D7C9920B1AFB077000A3F48C /* list@2x.png */; };
		D7C9920F1AFB077000A3F48C /* list@3x.png in Resources */ = {isa = PBXBuildFile; fileRef = D7C9920C1AFB077000A3F48C /* list@3x.png */; };
		D7C992131AFB07B400A3F48C /* settings.png in Resources */ = {isa = PBXBuildFile; fileRef = D7C992101AFB07B400A3F48C /* settings.png */; };
		D7C992141AFB07B400A3F48C /* settings@2x.png in Resources */ = {isa = PBXBuildFile; fileRef = D7C992111AFB07B400A3F48C /* settings@2x.png */; };
		D7C992151AFB07B400A3F48C /* settings@3x.png in Resources */ = {isa = PBXBuildFile; fileRef = D7C992121AFB07B400A3F48C /* settings@3x.png */; };
		D7C992431AFC2A2D00A3F48C /* selectdateSmallViewController.m in Sources */ = {isa = PBXBuildFile; fileRef = D7C992421AFC2A2D00A3F48C /* selectdateSmallViewController.m */; };
		D7DDE7021AF5C66000C7D0EC /* CWStatusBarNotification.m in Sources */ = {isa = PBXBuildFile; fileRef = D7DDE7011AF5C66000C7D0EC /* CWStatusBarNotification.m */; };
		D7EDD1371AE87282003EBABE /* editAssignmentViewController.m in Sources */ = {isa = PBXBuildFile; fileRef = D7EDD1361AE87282003EBABE /* editAssignmentViewController.m */; };
		D7EDD13E1AE89D03003EBABE /* settingsTableViewController.m in Sources */ = {isa = PBXBuildFile; fileRef = D7EDD13D1AE89D03003EBABE /* settingsTableViewController.m */; };
		D7EDD1411AE8A0CF003EBABE /* aboutTableViewController.m in Sources */ = {isa = PBXBuildFile; fileRef = D7EDD1401AE8A0CF003EBABE /* aboutTableViewController.m */; };
		D7EDD1441AE8A4AD003EBABE /* colorsettingsTableViewController.m in Sources */ = {isa = PBXBuildFile; fileRef = D7EDD1431AE8A4AD003EBABE /* colorsettingsTableViewController.m */; };
		D7EDD1601AE8A650003EBABE /* colorPickerViewController.m in Sources */ = {isa = PBXBuildFile; fileRef = D7EDD15F1AE8A650003EBABE /* colorPickerViewController.m */; };
		D7EDD1721AE8A7FA003EBABE /* InfColorBarPicker.m in Sources */ = {isa = PBXBuildFile; fileRef = D7EDD1631AE8A7FA003EBABE /* InfColorBarPicker.m */; };
		D7EDD1731AE8A7FA003EBABE /* InfColorIndicatorView.m in Sources */ = {isa = PBXBuildFile; fileRef = D7EDD1651AE8A7FA003EBABE /* InfColorIndicatorView.m */; };
		D7EDD1741AE8A7FA003EBABE /* InfColorPickerController.m in Sources */ = {isa = PBXBuildFile; fileRef = D7EDD1681AE8A7FA003EBABE /* InfColorPickerController.m */; };
		D7EDD1751AE8A7FA003EBABE /* InfColorPickerNavigationController.m in Sources */ = {isa = PBXBuildFile; fileRef = D7EDD16A1AE8A7FA003EBABE /* InfColorPickerNavigationController.m */; };
		D7EDD1761AE8A7FA003EBABE /* InfColorPickerView.xib in Resources */ = {isa = PBXBuildFile; fileRef = D7EDD16B1AE8A7FA003EBABE /* InfColorPickerView.xib */; };
		D7EDD1771AE8A7FA003EBABE /* InfColorSquarePicker.m in Sources */ = {isa = PBXBuildFile; fileRef = D7EDD16D1AE8A7FA003EBABE /* InfColorSquarePicker.m */; };
		D7EDD1781AE8A7FA003EBABE /* InfHSBSupport.m in Sources */ = {isa = PBXBuildFile; fileRef = D7EDD16F1AE8A7FA003EBABE /* InfHSBSupport.m */; };
		D7EDD1791AE8A7FA003EBABE /* InfSourceColorView.m in Sources */ = {isa = PBXBuildFile; fileRef = D7EDD1711AE8A7FA003EBABE /* InfSourceColorView.m */; };
		D7F315B01AE6E26800397044 /* Assignment.m in Sources */ = {isa = PBXBuildFile; fileRef = D7F315AF1AE6E26800397044 /* Assignment.m */; };
		D7F315B81AE70DA100397044 /* menuIcon.png in Resources */ = {isa = PBXBuildFile; fileRef = D7F315B71AE70DA100397044 /* menuIcon.png */; };
/* End PBXBuildFile section */

/* Begin PBXContainerItemProxy section */
		B1FD784C1AB4B1EF009DB201 /* PBXContainerItemProxy */ = {
			isa = PBXContainerItemProxy;
			containerPortal = B1FD782A1AB4B1EF009DB201 /* Project object */;
			proxyType = 1;
			remoteGlobalIDString = B1FD78311AB4B1EF009DB201;
			remoteInfo = "HomeWork Scribe";
		};
/* End PBXContainerItemProxy section */

/* Begin PBXFileReference section */
		71B554221B66B59E7BB6B5DA /* Pods.debug.xcconfig */ = {isa = PBXFileReference; includeInIndex = 1; lastKnownFileType = text.xcconfig; name = Pods.debug.xcconfig; path = "Pods/Target Support Files/Pods/Pods.debug.xcconfig"; sourceTree = "<group>"; };
		B1F6D62C1AC8938000C9414F /* homeworkdb.sql */ = {isa = PBXFileReference; lastKnownFileType = file; path = homeworkdb.sql; sourceTree = "<group>"; };
		B1FD78321AB4B1EF009DB201 /* HomeWork Scribe.app */ = {isa = PBXFileReference; explicitFileType = wrapper.application; includeInIndex = 0; path = "HomeWork Scribe.app"; sourceTree = BUILT_PRODUCTS_DIR; };
		B1FD78361AB4B1EF009DB201 /* Info.plist */ = {isa = PBXFileReference; lastKnownFileType = text.plist.xml; path = Info.plist; sourceTree = "<group>"; };
		B1FD78371AB4B1EF009DB201 /* main.m */ = {isa = PBXFileReference; lastKnownFileType = sourcecode.c.objc; path = main.m; sourceTree = "<group>"; };
		B1FD78391AB4B1EF009DB201 /* AppDelegate.h */ = {isa = PBXFileReference; lastKnownFileType = sourcecode.c.h; path = AppDelegate.h; sourceTree = "<group>"; };
		B1FD783A1AB4B1EF009DB201 /* AppDelegate.m */ = {isa = PBXFileReference; lastKnownFileType = sourcecode.c.objc; path = AppDelegate.m; sourceTree = "<group>"; };
		B1FD783C1AB4B1EF009DB201 /* ViewController.h */ = {isa = PBXFileReference; lastKnownFileType = sourcecode.c.h; path = ViewController.h; sourceTree = "<group>"; };
		B1FD783D1AB4B1EF009DB201 /* ViewController.m */ = {isa = PBXFileReference; lastKnownFileType = sourcecode.c.objc; path = ViewController.m; sourceTree = "<group>"; };
		B1FD78401AB4B1EF009DB201 /* Base */ = {isa = PBXFileReference; lastKnownFileType = file.storyboard; name = Base; path = Base.lproj/Main.storyboard; sourceTree = "<group>"; };
		B1FD78421AB4B1EF009DB201 /* Images.xcassets */ = {isa = PBXFileReference; lastKnownFileType = folder.assetcatalog; path = Images.xcassets; sourceTree = "<group>"; };
		B1FD78451AB4B1EF009DB201 /* Base */ = {isa = PBXFileReference; lastKnownFileType = file.xib; name = Base; path = Base.lproj/LaunchScreen.xib; sourceTree = "<group>"; };
		B1FD784B1AB4B1EF009DB201 /* HomeWork ScribeTests.xctest */ = {isa = PBXFileReference; explicitFileType = wrapper.cfbundle; includeInIndex = 0; path = "HomeWork ScribeTests.xctest"; sourceTree = BUILT_PRODUCTS_DIR; };
		B1FD78501AB4B1EF009DB201 /* Info.plist */ = {isa = PBXFileReference; lastKnownFileType = text.plist.xml; path = Info.plist; sourceTree = "<group>"; };
		B1FD78511AB4B1EF009DB201 /* HomeWork_ScribeTests.m */ = {isa = PBXFileReference; lastKnownFileType = sourcecode.c.objc; path = HomeWork_ScribeTests.m; sourceTree = "<group>"; };
		B1FD785B1AB4B21D009DB201 /* navigationViewController.h */ = {isa = PBXFileReference; fileEncoding = 4; lastKnownFileType = sourcecode.c.h; path = navigationViewController.h; sourceTree = "<group>"; };
		B1FD785C1AB4B21D009DB201 /* navigationViewController.m */ = {isa = PBXFileReference; fileEncoding = 4; lastKnownFileType = sourcecode.c.objc; path = navigationViewController.m; sourceTree = "<group>"; };
		B1FD785E1AB4B22D009DB201 /* SWRevealViewController.h */ = {isa = PBXFileReference; fileEncoding = 4; lastKnownFileType = sourcecode.c.h; path = SWRevealViewController.h; sourceTree = "<group>"; };
		B1FD785F1AB4B22D009DB201 /* SWRevealViewController.m */ = {isa = PBXFileReference; fileEncoding = 4; lastKnownFileType = sourcecode.c.objc; path = SWRevealViewController.m; sourceTree = "<group>"; };
		B1FD78631AB4B479009DB201 /* calanderTableViewController.h */ = {isa = PBXFileReference; fileEncoding = 4; lastKnownFileType = sourcecode.c.h; path = calanderTableViewController.h; sourceTree = "<group>"; };
		B1FD78641AB4B479009DB201 /* calanderTableViewController.m */ = {isa = PBXFileReference; fileEncoding = 4; lastKnownFileType = sourcecode.c.objc; path = calanderTableViewController.m; sourceTree = "<group>"; };
		B1FD78681AB4B627009DB201 /* navmenu.png */ = {isa = PBXFileReference; lastKnownFileType = image.png; path = navmenu.png; sourceTree = "<group>"; };
		B1FD786E1AB4B728009DB201 /* dataClass.h */ = {isa = PBXFileReference; fileEncoding = 4; lastKnownFileType = sourcecode.c.h; path = dataClass.h; sourceTree = "<group>"; };
		B1FD786F1AB4B728009DB201 /* dataClass.m */ = {isa = PBXFileReference; fileEncoding = 4; lastKnownFileType = sourcecode.c.objc; path = dataClass.m; sourceTree = "<group>"; };
		B1FD788A1AB4BC27009DB201 /* PDTSimpleCalendar.h */ = {isa = PBXFileReference; fileEncoding = 4; lastKnownFileType = sourcecode.c.h; path = PDTSimpleCalendar.h; sourceTree = "<group>"; };
		B1FD788B1AB4BC27009DB201 /* PDTSimpleCalendarViewCell.h */ = {isa = PBXFileReference; fileEncoding = 4; lastKnownFileType = sourcecode.c.h; path = PDTSimpleCalendarViewCell.h; sourceTree = "<group>"; };
		B1FD788C1AB4BC27009DB201 /* PDTSimpleCalendarViewCell.m */ = {isa = PBXFileReference; fileEncoding = 4; lastKnownFileType = sourcecode.c.objc; path = PDTSimpleCalendarViewCell.m; sourceTree = "<group>"; };
		B1FD788D1AB4BC27009DB201 /* PDTSimpleCalendarViewController.h */ = {isa = PBXFileReference; fileEncoding = 4; lastKnownFileType = sourcecode.c.h; path = PDTSimpleCalendarViewController.h; sourceTree = "<group>"; };
		B1FD788E1AB4BC27009DB201 /* PDTSimpleCalendarViewController.m */ = {isa = PBXFileReference; fileEncoding = 4; lastKnownFileType = sourcecode.c.objc; path = PDTSimpleCalendarViewController.m; sourceTree = "<group>"; };
		B1FD788F1AB4BC27009DB201 /* PDTSimpleCalendarViewFlowLayout.h */ = {isa = PBXFileReference; fileEncoding = 4; lastKnownFileType = sourcecode.c.h; path = PDTSimpleCalendarViewFlowLayout.h; sourceTree = "<group>"; };
		B1FD78901AB4BC27009DB201 /* PDTSimpleCalendarViewFlowLayout.m */ = {isa = PBXFileReference; fileEncoding = 4; lastKnownFileType = sourcecode.c.objc; path = PDTSimpleCalendarViewFlowLayout.m; sourceTree = "<group>"; };
		B1FD78911AB4BC27009DB201 /* PDTSimpleCalendarViewHeader.h */ = {isa = PBXFileReference; fileEncoding = 4; lastKnownFileType = sourcecode.c.h; path = PDTSimpleCalendarViewHeader.h; sourceTree = "<group>"; };
		B1FD78921AB4BC27009DB201 /* PDTSimpleCalendarViewHeader.m */ = {isa = PBXFileReference; fileEncoding = 4; lastKnownFileType = sourcecode.c.objc; path = PDTSimpleCalendarViewHeader.m; sourceTree = "<group>"; };
		B1FD78981AB4C461009DB201 /* AddViewController.h */ = {isa = PBXFileReference; fileEncoding = 4; lastKnownFileType = sourcecode.c.h; path = AddViewController.h; sourceTree = "<group>"; };
		B1FD78991AB4C461009DB201 /* AddViewController.m */ = {isa = PBXFileReference; fileEncoding = 4; lastKnownFileType = sourcecode.c.objc; path = AddViewController.m; sourceTree = "<group>"; };
		B1FD789B1AB608F6009DB201 /* Foundation.framework */ = {isa = PBXFileReference; lastKnownFileType = wrapper.framework; name = Foundation.framework; path = System/Library/Frameworks/Foundation.framework; sourceTree = SDKROOT; };
		B1FD789D1AB60907009DB201 /* libsqlite3.dylib */ = {isa = PBXFileReference; lastKnownFileType = "compiled.mach-o.dylib"; name = libsqlite3.dylib; path = usr/lib/libsqlite3.dylib; sourceTree = SDKROOT; };
		B1FD789F1AB6097A009DB201 /* DBManager.h */ = {isa = PBXFileReference; fileEncoding = 4; lastKnownFileType = sourcecode.c.h; path = DBManager.h; sourceTree = "<group>"; };
		B1FD78A01AB6097A009DB201 /* DBManager.m */ = {isa = PBXFileReference; fileEncoding = 4; lastKnownFileType = sourcecode.c.objc; path = DBManager.m; sourceTree = "<group>"; };
		C6895AC8823DB1EC7602983F /* Pods.release.xcconfig */ = {isa = PBXFileReference; includeInIndex = 1; lastKnownFileType = text.xcconfig; name = Pods.release.xcconfig; path = "Pods/Target Support Files/Pods/Pods.release.xcconfig"; sourceTree = "<group>"; };
		D711FD941AF2DF1B005C1F6B /* menu.png */ = {isa = PBXFileReference; lastKnownFileType = image.png; path = menu.png; sourceTree = "<group>"; };
		D711FD951AF2DF1B005C1F6B /* menu@2x.png */ = {isa = PBXFileReference; lastKnownFileType = image.png; path = "menu@2x.png"; sourceTree = "<group>"; };
		D711FD961AF2DF1B005C1F6B /* menu@3x.png */ = {isa = PBXFileReference; lastKnownFileType = image.png; path = "menu@3x.png"; sourceTree = "<group>"; };
		D711FD9A1AF3218B005C1F6B /* 320X140.png */ = {isa = PBXFileReference; lastKnownFileType = image.png; path = 320X140.png; sourceTree = "<group>"; };
		D711FD9B1AF3218B005C1F6B /* 375X140.png */ = {isa = PBXFileReference; lastKnownFileType = image.png; path = 375X140.png; sourceTree = "<group>"; };
		D711FD9C1AF3218B005C1F6B /* 414X140.png */ = {isa = PBXFileReference; lastKnownFileType = image.png; path = 414X140.png; sourceTree = "<group>"; };
		D711FE321AF5B1A8005C1F6B /* 375X140Alt.png */ = {isa = PBXFileReference; lastKnownFileType = image.png; path = 375X140Alt.png; sourceTree = "<group>"; };
		D711FE331AF5B1A8005C1F6B /* 414X140Alt.png */ = {isa = PBXFileReference; lastKnownFileType = image.png; path = 414X140Alt.png; sourceTree = "<group>"; };
		D711FE341AF5B1A8005C1F6B /* 320X140Alt.png */ = {isa = PBXFileReference; lastKnownFileType = image.png; path = 320X140Alt.png; sourceTree = "<group>"; };
		D71244F51AF85A4700566E9F /* setUpViewController.h */ = {isa = PBXFileReference; fileEncoding = 4; lastKnownFileType = sourcecode.c.h; path = setUpViewController.h; sourceTree = "<group>"; };
		D71244F61AF85A4700566E9F /* setUpViewController.m */ = {isa = PBXFileReference; fileEncoding = 4; lastKnownFileType = sourcecode.c.objc; path = setUpViewController.m; sourceTree = "<group>"; };
		D71244F81AF85F6500566E9F /* subjectSetUpViewController.h */ = {isa = PBXFileReference; fileEncoding = 4; lastKnownFileType = sourcecode.c.h; path = subjectSetUpViewController.h; sourceTree = "<group>"; };
		D71244F91AF85F6500566E9F /* subjectSetUpViewController.m */ = {isa = PBXFileReference; fileEncoding = 4; lastKnownFileType = sourcecode.c.objc; path = subjectSetUpViewController.m; sourceTree = "<group>"; };
		D71244FB1AF986FF00566E9F /* customSubjectPickerTableViewController.h */ = {isa = PBXFileReference; fileEncoding = 4; lastKnownFileType = sourcecode.c.h; path = customSubjectPickerTableViewController.h; sourceTree = "<group>"; };
		D71244FC1AF986FF00566E9F /* customSubjectPickerTableViewController.m */ = {isa = PBXFileReference; fileEncoding = 4; lastKnownFileType = sourcecode.c.objc; path = customSubjectPickerTableViewController.m; sourceTree = "<group>"; };
		D7342E6E1AE813C600394432 /* detailViewController.h */ = {isa = PBXFileReference; fileEncoding = 4; lastKnownFileType = sourcecode.c.h; path = detailViewController.h; sourceTree = "<group>"; };
		D7342E6F1AE813C600394432 /* detailViewController.m */ = {isa = PBXFileReference; fileEncoding = 4; lastKnownFileType = sourcecode.c.objc; path = detailViewController.m; sourceTree = "<group>"; };
		D739F0121AECA0C7000C2FF1 /* 29.png */ = {isa = PBXFileReference; lastKnownFileType = image.png; path = 29.png; sourceTree = "<group>"; };
		D739F0141AECA12F000C2FF1 /* 40.png */ = {isa = PBXFileReference; lastKnownFileType = image.png; path = 40.png; sourceTree = "<group>"; };
		D739F0161AECA188000C2FF1 /* 76.png */ = {isa = PBXFileReference; lastKnownFileType = image.png; path = 76.png; sourceTree = "<group>"; };
		D739F0181AECA1E7000C2FF1 /* 152.png */ = {isa = PBXFileReference; lastKnownFileType = image.png; path = 152.png; sourceTree = "<group>"; };
		D739F0881AF03914000C2FF1 /* back.png */ = {isa = PBXFileReference; lastKnownFileType = image.png; path = back.png; sourceTree = "<group>"; };
		D739F0891AF03914000C2FF1 /* back@2x.png */ = {isa = PBXFileReference; lastKnownFileType = image.png; path = "back@2x.png"; sourceTree = "<group>"; };
		D739F08A1AF03914000C2FF1 /* back@3x.png */ = {isa = PBXFileReference; lastKnownFileType = image.png; path = "back@3x.png"; sourceTree = "<group>"; };
		D739F08E1AF03C6D000C2FF1 /* SDiPhoneVersion.h */ = {isa = PBXFileReference; fileEncoding = 4; lastKnownFileType = sourcecode.c.h; path = SDiPhoneVersion.h; sourceTree = "<group>"; };
		D739F08F1AF03C6D000C2FF1 /* SDiPhoneVersion.m */ = {isa = PBXFileReference; fileEncoding = 4; lastKnownFileType = sourcecode.c.objc; path = SDiPhoneVersion.m; sourceTree = "<group>"; };
		D739F0911AF07367000C2FF1 /* animator.h */ = {isa = PBXFileReference; fileEncoding = 4; lastKnownFileType = sourcecode.c.h; path = animator.h; sourceTree = "<group>"; };
		D739F0921AF07367000C2FF1 /* animator.m */ = {isa = PBXFileReference; fileEncoding = 4; lastKnownFileType = sourcecode.c.objc; path = animator.m; sourceTree = "<group>"; };
		D742E8DF1AE9699D009A4904 /* JFMinimalNotification.h */ = {isa = PBXFileReference; fileEncoding = 4; lastKnownFileType = sourcecode.c.h; path = JFMinimalNotification.h; sourceTree = "<group>"; };
		D742E8E01AE9699D009A4904 /* JFMinimalNotification.m */ = {isa = PBXFileReference; fileEncoding = 4; lastKnownFileType = sourcecode.c.objc; path = JFMinimalNotification.m; sourceTree = "<group>"; };
		D742E8E11AE9699D009A4904 /* JFMinimalNotificationArt.h */ = {isa = PBXFileReference; fileEncoding = 4; lastKnownFileType = sourcecode.c.h; path = JFMinimalNotificationArt.h; sourceTree = "<group>"; };
		D742E8E21AE9699D009A4904 /* JFMinimalNotificationArt.m */ = {isa = PBXFileReference; fileEncoding = 4; lastKnownFileType = sourcecode.c.objc; path = JFMinimalNotificationArt.m; sourceTree = "<group>"; };
		D742E8E31AE9699D009A4904 /* NSInvocation+Constructors.h */ = {isa = PBXFileReference; fileEncoding = 4; lastKnownFileType = sourcecode.c.h; path = "NSInvocation+Constructors.h"; sourceTree = "<group>"; };
		D742E8E41AE9699D009A4904 /* NSInvocation+Constructors.m */ = {isa = PBXFileReference; fileEncoding = 4; lastKnownFileType = sourcecode.c.objc; path = "NSInvocation+Constructors.m"; sourceTree = "<group>"; };
		D742E8E51AE9699D009A4904 /* UIColor+JFMinimalNotificationColors.h */ = {isa = PBXFileReference; fileEncoding = 4; lastKnownFileType = sourcecode.c.h; path = "UIColor+JFMinimalNotificationColors.h"; sourceTree = "<group>"; };
		D742E8E61AE9699D009A4904 /* UIColor+JFMinimalNotificationColors.m */ = {isa = PBXFileReference; fileEncoding = 4; lastKnownFileType = sourcecode.c.objc; path = "UIColor+JFMinimalNotificationColors.m"; sourceTree = "<group>"; };
		D742E8E71AE9699D009A4904 /* UIView+Round.h */ = {isa = PBXFileReference; fileEncoding = 4; lastKnownFileType = sourcecode.c.h; path = "UIView+Round.h"; sourceTree = "<group>"; };
		D742E8E81AE9699D009A4904 /* UIView+Round.m */ = {isa = PBXFileReference; fileEncoding = 4; lastKnownFileType = sourcecode.c.objc; path = "UIView+Round.m"; sourceTree = "<group>"; };
		D742E8EE1AE969A9009A4904 /* CoreGraphics.framework */ = {isa = PBXFileReference; lastKnownFileType = wrapper.framework; name = CoreGraphics.framework; path = System/Library/Frameworks/CoreGraphics.framework; sourceTree = SDKROOT; };
		D742E8F01AE97268009A4904 /* View.xib */ = {isa = PBXFileReference; fileEncoding = 4; lastKnownFileType = file.xib; path = View.xib; sourceTree = "<group>"; };
		D757E56B1AE9FE9B00654044 /* notesTableViewController.h */ = {isa = PBXFileReference; fileEncoding = 4; lastKnownFileType = sourcecode.c.h; path = notesTableViewController.h; sourceTree = "<group>"; };
		D757E56C1AE9FE9B00654044 /* notesTableViewController.m */ = {isa = PBXFileReference; fileEncoding = 4; lastKnownFileType = sourcecode.c.objc; path = notesTableViewController.m; sourceTree = "<group>"; };
		D757E56E1AE9FFCE00654044 /* notePadViewController.h */ = {isa = PBXFileReference; fileEncoding = 4; lastKnownFileType = sourcecode.c.h; path = notePadViewController.h; sourceTree = "<group>"; };
		D757E56F1AE9FFCE00654044 /* notePadViewController.m */ = {isa = PBXFileReference; fileEncoding = 4; lastKnownFileType = sourcecode.c.objc; path = notePadViewController.m; sourceTree = "<group>"; };
		D757E57B1AEAE4D400654044 /* 58.png */ = {isa = PBXFileReference; lastKnownFileType = image.png; path = 58.png; sourceTree = "<group>"; };
		D757E57C1AEAE4D400654044 /* 80.png */ = {isa = PBXFileReference; lastKnownFileType = image.png; path = 80.png; sourceTree = "<group>"; };
		D757E57D1AEAE4D400654044 /* 87.png */ = {isa = PBXFileReference; lastKnownFileType = image.png; path = 87.png; sourceTree = "<group>"; };
		D757E57E1AEAE4D400654044 /* 120.png */ = {isa = PBXFileReference; lastKnownFileType = image.png; path = 120.png; sourceTree = "<group>"; };
		D757E57F1AEAE4D400654044 /* 180.png */ = {isa = PBXFileReference; lastKnownFileType = image.png; path = 180.png; sourceTree = "<group>"; };
		D7607E771AB53B840042F642 /* allTableViewController.h */ = {isa = PBXFileReference; fileEncoding = 4; lastKnownFileType = sourcecode.c.h; path = allTableViewController.h; sourceTree = "<group>"; };
		D7607E781AB53B840042F642 /* allTableViewController.m */ = {isa = PBXFileReference; fileEncoding = 4; lastKnownFileType = sourcecode.c.objc; path = allTableViewController.m; sourceTree = "<group>"; };
		D772AEE01AE83E06001B71B0 /* Logo.png */ = {isa = PBXFileReference; lastKnownFileType = image.png; path = Logo.png; sourceTree = "<group>"; };
		D784281A1AF0821D00669910 /* splahicon.png */ = {isa = PBXFileReference; lastKnownFileType = image.png; path = splahicon.png; sourceTree = "<group>"; };
		D784281B1AF0821D00669910 /* splahicon@2x.png */ = {isa = PBXFileReference; lastKnownFileType = image.png; path = "splahicon@2x.png"; sourceTree = "<group>"; };
		D784281C1AF0821D00669910 /* splahicon@3x.png */ = {isa = PBXFileReference; lastKnownFileType = image.png; path = "splahicon@3x.png"; sourceTree = "<group>"; };
		D78AD0061AE99C9100FD6CDC /* AudioToolbox.framework */ = {isa = PBXFileReference; lastKnownFileType = wrapper.framework; name = AudioToolbox.framework; path = System/Library/Frameworks/AudioToolbox.framework; sourceTree = SDKROOT; };
		D78AD0081AE99C9800FD6CDC /* CFNetwork.framework */ = {isa = PBXFileReference; lastKnownFileType = wrapper.framework; name = CFNetwork.framework; path = System/Library/Frameworks/CFNetwork.framework; sourceTree = SDKROOT; };
		D78AD00A1AE99CAD00FD6CDC /* MobileCoreServices.framework */ = {isa = PBXFileReference; lastKnownFileType = wrapper.framework; name = MobileCoreServices.framework; path = System/Library/Frameworks/MobileCoreServices.framework; sourceTree = SDKROOT; };
		D78AD00C1AE99CBD00FD6CDC /* QuartzCore.framework */ = {isa = PBXFileReference; lastKnownFileType = wrapper.framework; name = QuartzCore.framework; path = System/Library/Frameworks/QuartzCore.framework; sourceTree = SDKROOT; };
		D78AD00E1AE99CC500FD6CDC /* Security.framework */ = {isa = PBXFileReference; lastKnownFileType = wrapper.framework; name = Security.framework; path = System/Library/Frameworks/Security.framework; sourceTree = SDKROOT; };
		D78AD0101AE99CCB00FD6CDC /* StoreKit.framework */ = {isa = PBXFileReference; lastKnownFileType = wrapper.framework; name = StoreKit.framework; path = System/Library/Frameworks/StoreKit.framework; sourceTree = SDKROOT; };
		D78AD0121AE99CD200FD6CDC /* SystemConfiguration.framework */ = {isa = PBXFileReference; lastKnownFileType = wrapper.framework; name = SystemConfiguration.framework; path = System/Library/Frameworks/SystemConfiguration.framework; sourceTree = SDKROOT; };
		D78AD0141AE99CE200FD6CDC /* libz.dylib */ = {isa = PBXFileReference; lastKnownFileType = "compiled.mach-o.dylib"; name = libz.dylib; path = usr/lib/libz.dylib; sourceTree = SDKROOT; };
		D78AD0161AE9A1CD00FD6CDC /* Accounts.framework */ = {isa = PBXFileReference; lastKnownFileType = wrapper.framework; name = Accounts.framework; path = System/Library/Frameworks/Accounts.framework; sourceTree = SDKROOT; };
		D78AD0181AE9A1D700FD6CDC /* Social.framework */ = {isa = PBXFileReference; lastKnownFileType = wrapper.framework; name = Social.framework; path = System/Library/Frameworks/Social.framework; sourceTree = SDKROOT; };
		D78AD01F1AE9B3BB00FD6CDC /* UpcomingController.h */ = {isa = PBXFileReference; fileEncoding = 4; lastKnownFileType = sourcecode.c.h; path = UpcomingController.h; sourceTree = "<group>"; };
		D78AD0201AE9B3BB00FD6CDC /* UpcomingController.m */ = {isa = PBXFileReference; fileEncoding = 4; lastKnownFileType = sourcecode.c.objc; path = UpcomingController.m; sourceTree = "<group>"; };
		D7BBB9871AF6DE4B00149DF2 /* notificationEditTableViewController.h */ = {isa = PBXFileReference; fileEncoding = 4; lastKnownFileType = sourcecode.c.h; path = notificationEditTableViewController.h; sourceTree = "<group>"; };
		D7BBB9881AF6DE4B00149DF2 /* notificationEditTableViewController.m */ = {isa = PBXFileReference; fileEncoding = 4; lastKnownFileType = sourcecode.c.objc; path = notificationEditTableViewController.m; sourceTree = "<group>"; };
		D7BBB9901AF6EE1B00149DF2 /* AboutScreenAppIcon@3x.png */ = {isa = PBXFileReference; lastKnownFileType = image.png; path = "AboutScreenAppIcon@3x.png"; sourceTree = "<group>"; };
		D7BBB9911AF6EE1B00149DF2 /* AboutScreenAppIcon@2x.png */ = {isa = PBXFileReference; lastKnownFileType = image.png; path = "AboutScreenAppIcon@2x.png"; sourceTree = "<group>"; };
		D7BBB9921AF6EE1B00149DF2 /* AboutScreenAppIcon.png */ = {isa = PBXFileReference; lastKnownFileType = image.png; path = AboutScreenAppIcon.png; sourceTree = "<group>"; };
		D7C991FE1AFB070800A3F48C /* calender.png */ = {isa = PBXFileReference; lastKnownFileType = image.png; path = calender.png; sourceTree = "<group>"; };
		D7C991FF1AFB070800A3F48C /* calender@2x.png */ = {isa = PBXFileReference; lastKnownFileType = image.png; path = "calender@2x.png"; sourceTree = "<group>"; };
		D7C992001AFB070800A3F48C /* calender@3x.png */ = {isa = PBXFileReference; lastKnownFileType = image.png; path = "calender@3x.png"; sourceTree = "<group>"; };
		D7C992041AFB074600A3F48C /* clock.png */ = {isa = PBXFileReference; lastKnownFileType = image.png; path = clock.png; sourceTree = "<group>"; };
		D7C992051AFB074600A3F48C /* clock@2x.png */ = {isa = PBXFileReference; lastKnownFileType = image.png; path = "clock@2x.png"; sourceTree = "<group>"; };
		D7C992061AFB074600A3F48C /* clock@3x.png */ = {isa = PBXFileReference; lastKnownFileType = image.png; path = "clock@3x.png"; sourceTree = "<group>"; };
		D7C9920A1AFB077000A3F48C /* list.png */ = {isa = PBXFileReference; lastKnownFileType = image.png; path = list.png; sourceTree = "<group>"; };
		D7C9920B1AFB077000A3F48C /* list@2x.png */ = {isa = PBXFileReference; lastKnownFileType = image.png; path = "list@2x.png"; sourceTree = "<group>"; };
		D7C9920C1AFB077000A3F48C /* list@3x.png */ = {isa = PBXFileReference; lastKnownFileType = image.png; path = "list@3x.png"; sourceTree = "<group>"; };
		D7C992101AFB07B400A3F48C /* settings.png */ = {isa = PBXFileReference; lastKnownFileType = image.png; path = settings.png; sourceTree = "<group>"; };
		D7C992111AFB07B400A3F48C /* settings@2x.png */ = {isa = PBXFileReference; lastKnownFileType = image.png; path = "settings@2x.png"; sourceTree = "<group>"; };
		D7C992121AFB07B400A3F48C /* settings@3x.png */ = {isa = PBXFileReference; lastKnownFileType = image.png; path = "settings@3x.png"; sourceTree = "<group>"; };
		D7C992411AFC2A2D00A3F48C /* selectdateSmallViewController.h */ = {isa = PBXFileReference; fileEncoding = 4; lastKnownFileType = sourcecode.c.h; path = selectdateSmallViewController.h; sourceTree = "<group>"; };
		D7C992421AFC2A2D00A3F48C /* selectdateSmallViewController.m */ = {isa = PBXFileReference; fileEncoding = 4; lastKnownFileType = sourcecode.c.objc; path = selectdateSmallViewController.m; sourceTree = "<group>"; };
		D7DDE7001AF5C66000C7D0EC /* CWStatusBarNotification.h */ = {isa = PBXFileReference; fileEncoding = 4; lastKnownFileType = sourcecode.c.h; path = CWStatusBarNotification.h; sourceTree = "<group>"; };
		D7DDE7011AF5C66000C7D0EC /* CWStatusBarNotification.m */ = {isa = PBXFileReference; fileEncoding = 4; lastKnownFileType = sourcecode.c.objc; path = CWStatusBarNotification.m; sourceTree = "<group>"; };
		D7EDD1351AE87282003EBABE /* editAssignmentViewController.h */ = {isa = PBXFileReference; fileEncoding = 4; lastKnownFileType = sourcecode.c.h; path = editAssignmentViewController.h; sourceTree = "<group>"; };
		D7EDD1361AE87282003EBABE /* editAssignmentViewController.m */ = {isa = PBXFileReference; fileEncoding = 4; lastKnownFileType = sourcecode.c.objc; path = editAssignmentViewController.m; sourceTree = "<group>"; };
		D7EDD13C1AE89D03003EBABE /* settingsTableViewController.h */ = {isa = PBXFileReference; fileEncoding = 4; lastKnownFileType = sourcecode.c.h; path = settingsTableViewController.h; sourceTree = "<group>"; };
		D7EDD13D1AE89D03003EBABE /* settingsTableViewController.m */ = {isa = PBXFileReference; fileEncoding = 4; lastKnownFileType = sourcecode.c.objc; path = settingsTableViewController.m; sourceTree = "<group>"; };
		D7EDD13F1AE8A0CF003EBABE /* aboutTableViewController.h */ = {isa = PBXFileReference; fileEncoding = 4; lastKnownFileType = sourcecode.c.h; path = aboutTableViewController.h; sourceTree = "<group>"; };
		D7EDD1401AE8A0CF003EBABE /* aboutTableViewController.m */ = {isa = PBXFileReference; fileEncoding = 4; lastKnownFileType = sourcecode.c.objc; path = aboutTableViewController.m; sourceTree = "<group>"; };
		D7EDD1421AE8A4AD003EBABE /* colorsettingsTableViewController.h */ = {isa = PBXFileReference; fileEncoding = 4; lastKnownFileType = sourcecode.c.h; path = colorsettingsTableViewController.h; sourceTree = "<group>"; };
		D7EDD1431AE8A4AD003EBABE /* colorsettingsTableViewController.m */ = {isa = PBXFileReference; fileEncoding = 4; lastKnownFileType = sourcecode.c.objc; path = colorsettingsTableViewController.m; sourceTree = "<group>"; };
		D7EDD15E1AE8A650003EBABE /* colorPickerViewController.h */ = {isa = PBXFileReference; fileEncoding = 4; lastKnownFileType = sourcecode.c.h; path = colorPickerViewController.h; sourceTree = "<group>"; };
		D7EDD15F1AE8A650003EBABE /* colorPickerViewController.m */ = {isa = PBXFileReference; fileEncoding = 4; lastKnownFileType = sourcecode.c.objc; path = colorPickerViewController.m; sourceTree = "<group>"; };
		D7EDD1621AE8A7FA003EBABE /* InfColorBarPicker.h */ = {isa = PBXFileReference; fileEncoding = 4; lastKnownFileType = sourcecode.c.h; path = InfColorBarPicker.h; sourceTree = "<group>"; };
		D7EDD1631AE8A7FA003EBABE /* InfColorBarPicker.m */ = {isa = PBXFileReference; fileEncoding = 4; lastKnownFileType = sourcecode.c.objc; path = InfColorBarPicker.m; sourceTree = "<group>"; };
		D7EDD1641AE8A7FA003EBABE /* InfColorIndicatorView.h */ = {isa = PBXFileReference; fileEncoding = 4; lastKnownFileType = sourcecode.c.h; path = InfColorIndicatorView.h; sourceTree = "<group>"; };
		D7EDD1651AE8A7FA003EBABE /* InfColorIndicatorView.m */ = {isa = PBXFileReference; fileEncoding = 4; lastKnownFileType = sourcecode.c.objc; path = InfColorIndicatorView.m; sourceTree = "<group>"; };
		D7EDD1661AE8A7FA003EBABE /* InfColorPicker.h */ = {isa = PBXFileReference; fileEncoding = 4; lastKnownFileType = sourcecode.c.h; path = InfColorPicker.h; sourceTree = "<group>"; };
		D7EDD1671AE8A7FA003EBABE /* InfColorPickerController.h */ = {isa = PBXFileReference; fileEncoding = 4; lastKnownFileType = sourcecode.c.h; path = InfColorPickerController.h; sourceTree = "<group>"; };
		D7EDD1681AE8A7FA003EBABE /* InfColorPickerController.m */ = {isa = PBXFileReference; fileEncoding = 4; lastKnownFileType = sourcecode.c.objc; path = InfColorPickerController.m; sourceTree = "<group>"; };
		D7EDD1691AE8A7FA003EBABE /* InfColorPickerNavigationController.h */ = {isa = PBXFileReference; fileEncoding = 4; lastKnownFileType = sourcecode.c.h; path = InfColorPickerNavigationController.h; sourceTree = "<group>"; };
		D7EDD16A1AE8A7FA003EBABE /* InfColorPickerNavigationController.m */ = {isa = PBXFileReference; fileEncoding = 4; lastKnownFileType = sourcecode.c.objc; path = InfColorPickerNavigationController.m; sourceTree = "<group>"; };
		D7EDD16B1AE8A7FA003EBABE /* InfColorPickerView.xib */ = {isa = PBXFileReference; fileEncoding = 4; lastKnownFileType = file.xib; path = InfColorPickerView.xib; sourceTree = "<group>"; };
		D7EDD16C1AE8A7FA003EBABE /* InfColorSquarePicker.h */ = {isa = PBXFileReference; fileEncoding = 4; lastKnownFileType = sourcecode.c.h; path = InfColorSquarePicker.h; sourceTree = "<group>"; };
		D7EDD16D1AE8A7FA003EBABE /* InfColorSquarePicker.m */ = {isa = PBXFileReference; fileEncoding = 4; lastKnownFileType = sourcecode.c.objc; path = InfColorSquarePicker.m; sourceTree = "<group>"; };
		D7EDD16E1AE8A7FA003EBABE /* InfHSBSupport.h */ = {isa = PBXFileReference; fileEncoding = 4; lastKnownFileType = sourcecode.c.h; path = InfHSBSupport.h; sourceTree = "<group>"; };
		D7EDD16F1AE8A7FA003EBABE /* InfHSBSupport.m */ = {isa = PBXFileReference; fileEncoding = 4; lastKnownFileType = sourcecode.c.objc; path = InfHSBSupport.m; sourceTree = "<group>"; };
		D7EDD1701AE8A7FA003EBABE /* InfSourceColorView.h */ = {isa = PBXFileReference; fileEncoding = 4; lastKnownFileType = sourcecode.c.h; path = InfSourceColorView.h; sourceTree = "<group>"; };
		D7EDD1711AE8A7FA003EBABE /* InfSourceColorView.m */ = {isa = PBXFileReference; fileEncoding = 4; lastKnownFileType = sourcecode.c.objc; path = InfSourceColorView.m; sourceTree = "<group>"; };
		D7F315AE1AE6E26800397044 /* Assignment.h */ = {isa = PBXFileReference; fileEncoding = 4; lastKnownFileType = sourcecode.c.h; path = Assignment.h; sourceTree = "<group>"; };
		D7F315AF1AE6E26800397044 /* Assignment.m */ = {isa = PBXFileReference; fileEncoding = 4; lastKnownFileType = sourcecode.c.objc; path = Assignment.m; sourceTree = "<group>"; };
		D7F315B71AE70DA100397044 /* menuIcon.png */ = {isa = PBXFileReference; lastKnownFileType = image.png; path = menuIcon.png; sourceTree = "<group>"; };
		D9A7EFCBDC4183C834FCF65F /* libPods.a */ = {isa = PBXFileReference; explicitFileType = archive.ar; includeInIndex = 0; path = libPods.a; sourceTree = BUILT_PRODUCTS_DIR; };
/* End PBXFileReference section */

/* Begin PBXFrameworksBuildPhase section */
		B1FD782F1AB4B1EF009DB201 /* Frameworks */ = {
			isa = PBXFrameworksBuildPhase;
			buildActionMask = 2147483647;
			files = (
				D78AD00D1AE99CBD00FD6CDC /* QuartzCore.framework in Frameworks */,
				D742E8EF1AE969A9009A4904 /* CoreGraphics.framework in Frameworks */,
				B1FD789E1AB60907009DB201 /* libsqlite3.dylib in Frameworks */,
				B1FD789C1AB608F6009DB201 /* Foundation.framework in Frameworks */,
				BB0E90C061B77410D76F8D17 /* libPods.a in Frameworks */,
			);
			runOnlyForDeploymentPostprocessing = 0;
		};
		B1FD78481AB4B1EF009DB201 /* Frameworks */ = {
			isa = PBXFrameworksBuildPhase;
			buildActionMask = 2147483647;
			files = (
			);
			runOnlyForDeploymentPostprocessing = 0;
		};
/* End PBXFrameworksBuildPhase section */

/* Begin PBXGroup section */
		2CE16A8B87F122DFA3A42041 /* Frameworks */ = {
			isa = PBXGroup;
			children = (
				D78AD0181AE9A1D700FD6CDC /* Social.framework */,
				D78AD0161AE9A1CD00FD6CDC /* Accounts.framework */,
				D78AD0141AE99CE200FD6CDC /* libz.dylib */,
				D78AD0121AE99CD200FD6CDC /* SystemConfiguration.framework */,
				D78AD0101AE99CCB00FD6CDC /* StoreKit.framework */,
				D78AD00E1AE99CC500FD6CDC /* Security.framework */,
				D78AD00C1AE99CBD00FD6CDC /* QuartzCore.framework */,
				D78AD00A1AE99CAD00FD6CDC /* MobileCoreServices.framework */,
				D78AD0081AE99C9800FD6CDC /* CFNetwork.framework */,
				D78AD0061AE99C9100FD6CDC /* AudioToolbox.framework */,
				D742E8EE1AE969A9009A4904 /* CoreGraphics.framework */,
				B1FD789D1AB60907009DB201 /* libsqlite3.dylib */,
				B1FD789B1AB608F6009DB201 /* Foundation.framework */,
				D9A7EFCBDC4183C834FCF65F /* libPods.a */,
			);
			name = Frameworks;
			sourceTree = "<group>";
		};
		8138B64E6B57643EF5B85EBF /* Pods */ = {
			isa = PBXGroup;
			children = (
				71B554221B66B59E7BB6B5DA /* Pods.debug.xcconfig */,
				C6895AC8823DB1EC7602983F /* Pods.release.xcconfig */,
			);
			name = Pods;
			sourceTree = "<group>";
		};
		B1FD78291AB4B1EF009DB201 = {
			isa = PBXGroup;
			children = (
				B1FD78341AB4B1EF009DB201 /* HomeWork Scribe */,
				B1FD784E1AB4B1EF009DB201 /* HomeWork ScribeTests */,
				B1FD78331AB4B1EF009DB201 /* Products */,
				8138B64E6B57643EF5B85EBF /* Pods */,
				2CE16A8B87F122DFA3A42041 /* Frameworks */,
			);
			sourceTree = "<group>";
		};
		B1FD78331AB4B1EF009DB201 /* Products */ = {
			isa = PBXGroup;
			children = (
				B1FD78321AB4B1EF009DB201 /* HomeWork Scribe.app */,
				B1FD784B1AB4B1EF009DB201 /* HomeWork ScribeTests.xctest */,
			);
			name = Products;
			sourceTree = "<group>";
		};
		B1FD78341AB4B1EF009DB201 /* HomeWork Scribe */ = {
			isa = PBXGroup;
			children = (
				D742E8DE1AE96987009A4904 /* notificationFramework */,
				D7EDD1611AE8A7FA003EBABE /* InfColorPicker */,
				B1F6D62C1AC8938000C9414F /* homeworkdb.sql */,
				B1FD78391AB4B1EF009DB201 /* AppDelegate.h */,
				B1FD783A1AB4B1EF009DB201 /* AppDelegate.m */,
				B1FD783C1AB4B1EF009DB201 /* ViewController.h */,
				B1FD783D1AB4B1EF009DB201 /* ViewController.m */,
				B1FD783F1AB4B1EF009DB201 /* Main.storyboard */,
				B1FD78421AB4B1EF009DB201 /* Images.xcassets */,
				B1FD78441AB4B1EF009DB201 /* LaunchScreen.xib */,
				B1FD785B1AB4B21D009DB201 /* navigationViewController.h */,
				B1FD785C1AB4B21D009DB201 /* navigationViewController.m */,
				D739F08E1AF03C6D000C2FF1 /* SDiPhoneVersion.h */,
				D739F08F1AF03C6D000C2FF1 /* SDiPhoneVersion.m */,
				D7DDE6FF1AF5C66000C7D0EC /* CWStatusBarNotification */,
				B1FD78971AB4BD1B009DB201 /* PDTSimpleCalendar */,
				B1FD78351AB4B1EF009DB201 /* Supporting Files */,
				B1FD78631AB4B479009DB201 /* calanderTableViewController.h */,
				B1FD78641AB4B479009DB201 /* calanderTableViewController.m */,
				B1FD786E1AB4B728009DB201 /* dataClass.h */,
				B1FD786F1AB4B728009DB201 /* dataClass.m */,
				B1FD78981AB4C461009DB201 /* AddViewController.h */,
				B1FD78991AB4C461009DB201 /* AddViewController.m */,
				D7607E771AB53B840042F642 /* allTableViewController.h */,
				D7607E781AB53B840042F642 /* allTableViewController.m */,
				B1FD789F1AB6097A009DB201 /* DBManager.h */,
				B1FD78A01AB6097A009DB201 /* DBManager.m */,
				D7F315AE1AE6E26800397044 /* Assignment.h */,
				D7F315AF1AE6E26800397044 /* Assignment.m */,
				D7342E6E1AE813C600394432 /* detailViewController.h */,
				D7342E6F1AE813C600394432 /* detailViewController.m */,
				D7EDD1351AE87282003EBABE /* editAssignmentViewController.h */,
				D7EDD1361AE87282003EBABE /* editAssignmentViewController.m */,
				D7EDD13C1AE89D03003EBABE /* settingsTableViewController.h */,
				D7EDD13D1AE89D03003EBABE /* settingsTableViewController.m */,
				D7EDD13F1AE8A0CF003EBABE /* aboutTableViewController.h */,
				D7EDD1401AE8A0CF003EBABE /* aboutTableViewController.m */,
				D7EDD1421AE8A4AD003EBABE /* colorsettingsTableViewController.h */,
				D7EDD1431AE8A4AD003EBABE /* colorsettingsTableViewController.m */,
				D7EDD15E1AE8A650003EBABE /* colorPickerViewController.h */,
				D7EDD15F1AE8A650003EBABE /* colorPickerViewController.m */,
				D742E8F01AE97268009A4904 /* View.xib */,
				D78AD01F1AE9B3BB00FD6CDC /* UpcomingController.h */,
				D78AD0201AE9B3BB00FD6CDC /* UpcomingController.m */,
				D757E56B1AE9FE9B00654044 /* notesTableViewController.h */,
				D757E56C1AE9FE9B00654044 /* notesTableViewController.m */,
				D757E56E1AE9FFCE00654044 /* notePadViewController.h */,
				D757E56F1AE9FFCE00654044 /* notePadViewController.m */,
				D739F0911AF07367000C2FF1 /* animator.h */,
				D739F0921AF07367000C2FF1 /* animator.m */,
				D7BBB9871AF6DE4B00149DF2 /* notificationEditTableViewController.h */,
				D7BBB9881AF6DE4B00149DF2 /* notificationEditTableViewController.m */,
				D71244F51AF85A4700566E9F /* setUpViewController.h */,
				D71244F61AF85A4700566E9F /* setUpViewController.m */,
				D71244F81AF85F6500566E9F /* subjectSetUpViewController.h */,
				D71244F91AF85F6500566E9F /* subjectSetUpViewController.m */,
				D71244FB1AF986FF00566E9F /* customSubjectPickerTableViewController.h */,
				D71244FC1AF986FF00566E9F /* customSubjectPickerTableViewController.m */,
				D7C992411AFC2A2D00A3F48C /* selectdateSmallViewController.h */,
				D7C992421AFC2A2D00A3F48C /* selectdateSmallViewController.m */,
			);
			path = "HomeWork Scribe";
			sourceTree = "<group>";
		};
		B1FD78351AB4B1EF009DB201 /* Supporting Files */ = {
			isa = PBXGroup;
			children = (
				D7C992101AFB07B400A3F48C /* settings.png */,
				D7C992111AFB07B400A3F48C /* settings@2x.png */,
				D7C992121AFB07B400A3F48C /* settings@3x.png */,
				D7C9920A1AFB077000A3F48C /* list.png */,
				D7C9920B1AFB077000A3F48C /* list@2x.png */,
				D7C9920C1AFB077000A3F48C /* list@3x.png */,
				D7C992041AFB074600A3F48C /* clock.png */,
				D7C992051AFB074600A3F48C /* clock@2x.png */,
				D7C992061AFB074600A3F48C /* clock@3x.png */,
				D7C991FE1AFB070800A3F48C /* calender.png */,
				D7C991FF1AFB070800A3F48C /* calender@2x.png */,
				D7C992001AFB070800A3F48C /* calender@3x.png */,
				D7BBB9901AF6EE1B00149DF2 /* AboutScreenAppIcon@3x.png */,
				D7BBB9911AF6EE1B00149DF2 /* AboutScreenAppIcon@2x.png */,
				D7BBB9921AF6EE1B00149DF2 /* AboutScreenAppIcon.png */,
				D711FE321AF5B1A8005C1F6B /* 375X140Alt.png */,
				D711FE331AF5B1A8005C1F6B /* 414X140Alt.png */,
				D711FE341AF5B1A8005C1F6B /* 320X140Alt.png */,
				D711FD9A1AF3218B005C1F6B /* 320X140.png */,
				D711FD9B1AF3218B005C1F6B /* 375X140.png */,
				D711FD9C1AF3218B005C1F6B /* 414X140.png */,
				D739F0181AECA1E7000C2FF1 /* 152.png */,
				D739F0161AECA188000C2FF1 /* 76.png */,
				D784281A1AF0821D00669910 /* splahicon.png */,
				D784281B1AF0821D00669910 /* splahicon@2x.png */,
				D784281C1AF0821D00669910 /* splahicon@3x.png */,
				D739F0141AECA12F000C2FF1 /* 40.png */,
				D739F0121AECA0C7000C2FF1 /* 29.png */,
				D757E57B1AEAE4D400654044 /* 58.png */,
				D757E57C1AEAE4D400654044 /* 80.png */,
				D757E57D1AEAE4D400654044 /* 87.png */,
				D757E57E1AEAE4D400654044 /* 120.png */,
				D757E57F1AEAE4D400654044 /* 180.png */,
				D772AEE01AE83E06001B71B0 /* Logo.png */,
				D7F315B71AE70DA100397044 /* menuIcon.png */,
				B1FD78681AB4B627009DB201 /* navmenu.png */,
				D739F0881AF03914000C2FF1 /* back.png */,
				D739F0891AF03914000C2FF1 /* back@2x.png */,
				D739F08A1AF03914000C2FF1 /* back@3x.png */,
				D711FD941AF2DF1B005C1F6B /* menu.png */,
				D711FD951AF2DF1B005C1F6B /* menu@2x.png */,
				D711FD961AF2DF1B005C1F6B /* menu@3x.png */,
				B1FD785E1AB4B22D009DB201 /* SWRevealViewController.h */,
				B1FD785F1AB4B22D009DB201 /* SWRevealViewController.m */,
				B1FD78361AB4B1EF009DB201 /* Info.plist */,
				B1FD78371AB4B1EF009DB201 /* main.m */,
			);
			name = "Supporting Files";
			sourceTree = "<group>";
		};
		B1FD784E1AB4B1EF009DB201 /* HomeWork ScribeTests */ = {
			isa = PBXGroup;
			children = (
				B1FD78511AB4B1EF009DB201 /* HomeWork_ScribeTests.m */,
				B1FD784F1AB4B1EF009DB201 /* Supporting Files */,
			);
			path = "HomeWork ScribeTests";
			sourceTree = "<group>";
		};
		B1FD784F1AB4B1EF009DB201 /* Supporting Files */ = {
			isa = PBXGroup;
			children = (
				B1FD78501AB4B1EF009DB201 /* Info.plist */,
			);
			name = "Supporting Files";
			sourceTree = "<group>";
		};
		B1FD78971AB4BD1B009DB201 /* PDTSimpleCalendar */ = {
			isa = PBXGroup;
			children = (
				B1FD788A1AB4BC27009DB201 /* PDTSimpleCalendar.h */,
				B1FD788B1AB4BC27009DB201 /* PDTSimpleCalendarViewCell.h */,
				B1FD788C1AB4BC27009DB201 /* PDTSimpleCalendarViewCell.m */,
				B1FD788D1AB4BC27009DB201 /* PDTSimpleCalendarViewController.h */,
				B1FD788E1AB4BC27009DB201 /* PDTSimpleCalendarViewController.m */,
				B1FD788F1AB4BC27009DB201 /* PDTSimpleCalendarViewFlowLayout.h */,
				B1FD78901AB4BC27009DB201 /* PDTSimpleCalendarViewFlowLayout.m */,
				B1FD78911AB4BC27009DB201 /* PDTSimpleCalendarViewHeader.h */,
				B1FD78921AB4BC27009DB201 /* PDTSimpleCalendarViewHeader.m */,
			);
			name = PDTSimpleCalendar;
			sourceTree = "<group>";
		};
		D742E8DE1AE96987009A4904 /* notificationFramework */ = {
			isa = PBXGroup;
			children = (
				D742E8DF1AE9699D009A4904 /* JFMinimalNotification.h */,
				D742E8E01AE9699D009A4904 /* JFMinimalNotification.m */,
				D742E8E11AE9699D009A4904 /* JFMinimalNotificationArt.h */,
				D742E8E21AE9699D009A4904 /* JFMinimalNotificationArt.m */,
				D742E8E31AE9699D009A4904 /* NSInvocation+Constructors.h */,
				D742E8E41AE9699D009A4904 /* NSInvocation+Constructors.m */,
				D742E8E51AE9699D009A4904 /* UIColor+JFMinimalNotificationColors.h */,
				D742E8E61AE9699D009A4904 /* UIColor+JFMinimalNotificationColors.m */,
				D742E8E71AE9699D009A4904 /* UIView+Round.h */,
				D742E8E81AE9699D009A4904 /* UIView+Round.m */,
			);
			name = notificationFramework;
			sourceTree = "<group>";
		};
		D7DDE6FF1AF5C66000C7D0EC /* CWStatusBarNotification */ = {
			isa = PBXGroup;
			children = (
				D7DDE7001AF5C66000C7D0EC /* CWStatusBarNotification.h */,
				D7DDE7011AF5C66000C7D0EC /* CWStatusBarNotification.m */,
			);
			path = CWStatusBarNotification;
			sourceTree = "<group>";
		};
		D7EDD1611AE8A7FA003EBABE /* InfColorPicker */ = {
			isa = PBXGroup;
			children = (
				D7EDD1621AE8A7FA003EBABE /* InfColorBarPicker.h */,
				D7EDD1631AE8A7FA003EBABE /* InfColorBarPicker.m */,
				D7EDD1641AE8A7FA003EBABE /* InfColorIndicatorView.h */,
				D7EDD1651AE8A7FA003EBABE /* InfColorIndicatorView.m */,
				D7EDD1661AE8A7FA003EBABE /* InfColorPicker.h */,
				D7EDD1671AE8A7FA003EBABE /* InfColorPickerController.h */,
				D7EDD1681AE8A7FA003EBABE /* InfColorPickerController.m */,
				D7EDD1691AE8A7FA003EBABE /* InfColorPickerNavigationController.h */,
				D7EDD16A1AE8A7FA003EBABE /* InfColorPickerNavigationController.m */,
				D7EDD16B1AE8A7FA003EBABE /* InfColorPickerView.xib */,
				D7EDD16C1AE8A7FA003EBABE /* InfColorSquarePicker.h */,
				D7EDD16D1AE8A7FA003EBABE /* InfColorSquarePicker.m */,
				D7EDD16E1AE8A7FA003EBABE /* InfHSBSupport.h */,
				D7EDD16F1AE8A7FA003EBABE /* InfHSBSupport.m */,
				D7EDD1701AE8A7FA003EBABE /* InfSourceColorView.h */,
				D7EDD1711AE8A7FA003EBABE /* InfSourceColorView.m */,
			);
			path = InfColorPicker;
			sourceTree = "<group>";
		};
/* End PBXGroup section */

/* Begin PBXNativeTarget section */
		B1FD78311AB4B1EF009DB201 /* HomeWork Scribe */ = {
			isa = PBXNativeTarget;
			buildConfigurationList = B1FD78551AB4B1EF009DB201 /* Build configuration list for PBXNativeTarget "HomeWork Scribe" */;
			buildPhases = (
				6C79F24455A13B29EBE6BA47 /* Check Pods Manifest.lock */,
				B1FD782E1AB4B1EF009DB201 /* Sources */,
				B1FD782F1AB4B1EF009DB201 /* Frameworks */,
				B1FD78301AB4B1EF009DB201 /* Resources */,
				93C8FD79630F3C6035C5804F /* Copy Pods Resources */,
			);
			buildRules = (
			);
			dependencies = (
			);
			name = "HomeWork Scribe";
			productName = "HomeWork Scribe";
			productReference = B1FD78321AB4B1EF009DB201 /* HomeWork Scribe.app */;
			productType = "com.apple.product-type.application";
		};
		B1FD784A1AB4B1EF009DB201 /* HomeWork ScribeTests */ = {
			isa = PBXNativeTarget;
			buildConfigurationList = B1FD78581AB4B1EF009DB201 /* Build configuration list for PBXNativeTarget "HomeWork ScribeTests" */;
			buildPhases = (
				B1FD78471AB4B1EF009DB201 /* Sources */,
				B1FD78481AB4B1EF009DB201 /* Frameworks */,
				B1FD78491AB4B1EF009DB201 /* Resources */,
			);
			buildRules = (
			);
			dependencies = (
				B1FD784D1AB4B1EF009DB201 /* PBXTargetDependency */,
			);
			name = "HomeWork ScribeTests";
			productName = "HomeWork ScribeTests";
			productReference = B1FD784B1AB4B1EF009DB201 /* HomeWork ScribeTests.xctest */;
			productType = "com.apple.product-type.bundle.unit-test";
		};
/* End PBXNativeTarget section */

/* Begin PBXProject section */
		B1FD782A1AB4B1EF009DB201 /* Project object */ = {
			isa = PBXProject;
			attributes = {
				LastUpgradeCheck = 0610;
				ORGANIZATIONNAME = "Stratton Apps";
				TargetAttributes = {
					B1FD78311AB4B1EF009DB201 = {
						CreatedOnToolsVersion = 6.1.1;
						DevelopmentTeam = 56SYM3NGXF;
					};
					B1FD784A1AB4B1EF009DB201 = {
						CreatedOnToolsVersion = 6.1.1;
						TestTargetID = B1FD78311AB4B1EF009DB201;
					};
				};
			};
			buildConfigurationList = B1FD782D1AB4B1EF009DB201 /* Build configuration list for PBXProject "HomeWork Scribe" */;
			compatibilityVersion = "Xcode 3.2";
			developmentRegion = English;
			hasScannedForEncodings = 0;
			knownRegions = (
				en,
				Base,
			);
			mainGroup = B1FD78291AB4B1EF009DB201;
			productRefGroup = B1FD78331AB4B1EF009DB201 /* Products */;
			projectDirPath = "";
			projectRoot = "";
			targets = (
				B1FD78311AB4B1EF009DB201 /* HomeWork Scribe */,
				B1FD784A1AB4B1EF009DB201 /* HomeWork ScribeTests */,
			);
		};
/* End PBXProject section */

/* Begin PBXResourcesBuildPhase section */
		B1FD78301AB4B1EF009DB201 /* Resources */ = {
			isa = PBXResourcesBuildPhase;
			buildActionMask = 2147483647;
			files = (
				D7BBB9951AF6EE1B00149DF2 /* AboutScreenAppIcon.png in Resources */,
				D7C9920F1AFB077000A3F48C /* list@3x.png in Resources */,
				D739F0131AECA0C7000C2FF1 /* 29.png in Resources */,
				D7EDD1761AE8A7FA003EBABE /* InfColorPickerView.xib in Resources */,
				D739F0151AECA12F000C2FF1 /* 40.png in Resources */,
				D739F0171AECA188000C2FF1 /* 76.png in Resources */,
				D7C992131AFB07B400A3F48C /* settings.png in Resources */,
				D7C992081AFB074600A3F48C /* clock@2x.png in Resources */,
				D711FD981AF2DF1B005C1F6B /* menu@2x.png in Resources */,
				D7C992091AFB074600A3F48C /* clock@3x.png in Resources */,
				D757E5841AEAE4D400654044 /* 180.png in Resources */,
				D7F315B81AE70DA100397044 /* menuIcon.png in Resources */,
				D742E8F11AE97268009A4904 /* View.xib in Resources */,
				D7C992151AFB07B400A3F48C /* settings@3x.png in Resources */,
				D711FD991AF2DF1B005C1F6B /* menu@3x.png in Resources */,
				D757E5821AEAE4D400654044 /* 87.png in Resources */,
				D7C992021AFB070800A3F48C /* calender@2x.png in Resources */,
				D7C992071AFB074600A3F48C /* clock.png in Resources */,
				D711FE361AF5B1A8005C1F6B /* 414X140Alt.png in Resources */,
				B1FD78691AB4B627009DB201 /* navmenu.png in Resources */,
				D7C992011AFB070800A3F48C /* calender.png in Resources */,
				D739F08C1AF03914000C2FF1 /* back@2x.png in Resources */,
				D7BBB9931AF6EE1B00149DF2 /* AboutScreenAppIcon@3x.png in Resources */,
				D739F0191AECA1E7000C2FF1 /* 152.png in Resources */,
				D7BBB9941AF6EE1B00149DF2 /* AboutScreenAppIcon@2x.png in Resources */,
				D757E5811AEAE4D400654044 /* 80.png in Resources */,
				D7C992141AFB07B400A3F48C /* settings@2x.png in Resources */,
				B1FD78411AB4B1EF009DB201 /* Main.storyboard in Resources */,
				D711FD9D1AF3218B005C1F6B /* 320X140.png in Resources */,
				D757E5801AEAE4D400654044 /* 58.png in Resources */,
				D711FE371AF5B1A8005C1F6B /* 320X140Alt.png in Resources */,
				D784281E1AF0821D00669910 /* splahicon@2x.png in Resources */,
				D711FE351AF5B1A8005C1F6B /* 375X140Alt.png in Resources */,
				B1FD78461AB4B1EF009DB201 /* LaunchScreen.xib in Resources */,
				D784281D1AF0821D00669910 /* splahicon.png in Resources */,
				D784281F1AF0821D00669910 /* splahicon@3x.png in Resources */,
				D7C992031AFB070800A3F48C /* calender@3x.png in Resources */,
				D711FD9E1AF3218B005C1F6B /* 375X140.png in Resources */,
				D711FD9F1AF3218B005C1F6B /* 414X140.png in Resources */,
				D7C9920D1AFB077000A3F48C /* list.png in Resources */,
				D7C9920E1AFB077000A3F48C /* list@2x.png in Resources */,
				D711FD971AF2DF1B005C1F6B /* menu.png in Resources */,
				D739F08D1AF03914000C2FF1 /* back@3x.png in Resources */,
				D772AEE11AE83E06001B71B0 /* Logo.png in Resources */,
				D757E5831AEAE4D400654044 /* 120.png in Resources */,
				D739F08B1AF03914000C2FF1 /* back.png in Resources */,
				B1FD78431AB4B1EF009DB201 /* Images.xcassets in Resources */,
			);
			runOnlyForDeploymentPostprocessing = 0;
		};
		B1FD78491AB4B1EF009DB201 /* Resources */ = {
			isa = PBXResourcesBuildPhase;
			buildActionMask = 2147483647;
			files = (
			);
			runOnlyForDeploymentPostprocessing = 0;
		};
/* End PBXResourcesBuildPhase section */

/* Begin PBXShellScriptBuildPhase section */
		6C79F24455A13B29EBE6BA47 /* Check Pods Manifest.lock */ = {
			isa = PBXShellScriptBuildPhase;
			buildActionMask = 2147483647;
			files = (
			);
			inputPaths = (
			);
			name = "Check Pods Manifest.lock";
			outputPaths = (
			);
			runOnlyForDeploymentPostprocessing = 0;
			shellPath = /bin/sh;
			shellScript = "diff \"${PODS_ROOT}/../Podfile.lock\" \"${PODS_ROOT}/Manifest.lock\" > /dev/null\nif [[ $? != 0 ]] ; then\n    cat << EOM\nerror: The sandbox is not in sync with the Podfile.lock. Run 'pod install' or update your CocoaPods installation.\nEOM\n    exit 1\nfi\n";
			showEnvVarsInLog = 0;
		};
		93C8FD79630F3C6035C5804F /* Copy Pods Resources */ = {
			isa = PBXShellScriptBuildPhase;
			buildActionMask = 2147483647;
			files = (
			);
			inputPaths = (
			);
			name = "Copy Pods Resources";
			outputPaths = (
			);
			runOnlyForDeploymentPostprocessing = 0;
			shellPath = /bin/sh;
			shellScript = "\"${SRCROOT}/Pods/Target Support Files/Pods/Pods-resources.sh\"\n";
			showEnvVarsInLog = 0;
		};
/* End PBXShellScriptBuildPhase section */

/* Begin PBXSourcesBuildPhase section */
		B1FD782E1AB4B1EF009DB201 /* Sources */ = {
			isa = PBXSourcesBuildPhase;
			buildActionMask = 2147483647;
			files = (
				D7EDD1771AE8A7FA003EBABE /* InfColorSquarePicker.m in Sources */,
				B1FD785D1AB4B21D009DB201 /* navigationViewController.m in Sources */,
				B1FD78951AB4BC27009DB201 /* PDTSimpleCalendarViewFlowLayout.m in Sources */,
				B1FD789A1AB4C461009DB201 /* AddViewController.m in Sources */,
				D757E5701AE9FFCE00654044 /* notePadViewController.m in Sources */,
				D71244F71AF85A4700566E9F /* setUpViewController.m in Sources */,
				D7342E701AE813C600394432 /* detailViewController.m in Sources */,
				B1FD78651AB4B479009DB201 /* calanderTableViewController.m in Sources */,
				B1FD783E1AB4B1EF009DB201 /* ViewController.m in Sources */,
				D739F0901AF03C6D000C2FF1 /* SDiPhoneVersion.m in Sources */,
				B1FD78701AB4B728009DB201 /* dataClass.m in Sources */,
				D757E56D1AE9FE9B00654044 /* notesTableViewController.m in Sources */,
				D742E8EB1AE9699D009A4904 /* NSInvocation+Constructors.m in Sources */,
				D7EDD1721AE8A7FA003EBABE /* InfColorBarPicker.m in Sources */,
				B1FD78601AB4B22D009DB201 /* SWRevealViewController.m in Sources */,
				D71244FD1AF986FF00566E9F /* customSubjectPickerTableViewController.m in Sources */,
				D7EDD1441AE8A4AD003EBABE /* colorsettingsTableViewController.m in Sources */,
				D7EDD13E1AE89D03003EBABE /* settingsTableViewController.m in Sources */,
				B1FD78A11AB6097A009DB201 /* DBManager.m in Sources */,
				B1FD78941AB4BC27009DB201 /* PDTSimpleCalendarViewController.m in Sources */,
				D7EDD1601AE8A650003EBABE /* colorPickerViewController.m in Sources */,
				D7EDD1791AE8A7FA003EBABE /* InfSourceColorView.m in Sources */,
				D7BBB9891AF6DE4B00149DF2 /* notificationEditTableViewController.m in Sources */,
				B1FD78931AB4BC27009DB201 /* PDTSimpleCalendarViewCell.m in Sources */,
				D7EDD1371AE87282003EBABE /* editAssignmentViewController.m in Sources */,
				D742E8EA1AE9699D009A4904 /* JFMinimalNotificationArt.m in Sources */,
				D742E8E91AE9699D009A4904 /* JFMinimalNotification.m in Sources */,
				D78AD0211AE9B3BB00FD6CDC /* UpcomingController.m in Sources */,
				B1FD78961AB4BC27009DB201 /* PDTSimpleCalendarViewHeader.m in Sources */,
				D7DDE7021AF5C66000C7D0EC /* CWStatusBarNotification.m in Sources */,
				D739F0931AF07367000C2FF1 /* animator.m in Sources */,
				D7EDD1751AE8A7FA003EBABE /* InfColorPickerNavigationController.m in Sources */,
				B1FD783B1AB4B1EF009DB201 /* AppDelegate.m in Sources */,
				D742E8EC1AE9699D009A4904 /* UIColor+JFMinimalNotificationColors.m in Sources */,
				D7607E791AB53B840042F642 /* allTableViewController.m in Sources */,
				D7EDD1741AE8A7FA003EBABE /* InfColorPickerController.m in Sources */,
				D742E8ED1AE9699D009A4904 /* UIView+Round.m in Sources */,
				D7F315B01AE6E26800397044 /* Assignment.m in Sources */,
				D7EDD1781AE8A7FA003EBABE /* InfHSBSupport.m in Sources */,
				D7EDD1731AE8A7FA003EBABE /* InfColorIndicatorView.m in Sources */,
				D7C992431AFC2A2D00A3F48C /* selectdateSmallViewController.m in Sources */,
				D71244FA1AF85F6500566E9F /* subjectSetUpViewController.m in Sources */,
				D7EDD1411AE8A0CF003EBABE /* aboutTableViewController.m in Sources */,
				B1FD78381AB4B1EF009DB201 /* main.m in Sources */,
			);
			runOnlyForDeploymentPostprocessing = 0;
		};
		B1FD78471AB4B1EF009DB201 /* Sources */ = {
			isa = PBXSourcesBuildPhase;
			buildActionMask = 2147483647;
			files = (
				B1FD78521AB4B1EF009DB201 /* HomeWork_ScribeTests.m in Sources */,
			);
			runOnlyForDeploymentPostprocessing = 0;
		};
/* End PBXSourcesBuildPhase section */

/* Begin PBXTargetDependency section */
		B1FD784D1AB4B1EF009DB201 /* PBXTargetDependency */ = {
			isa = PBXTargetDependency;
			target = B1FD78311AB4B1EF009DB201 /* HomeWork Scribe */;
			targetProxy = B1FD784C1AB4B1EF009DB201 /* PBXContainerItemProxy */;
		};
/* End PBXTargetDependency section */

/* Begin PBXVariantGroup section */
		B1FD783F1AB4B1EF009DB201 /* Main.storyboard */ = {
			isa = PBXVariantGroup;
			children = (
				B1FD78401AB4B1EF009DB201 /* Base */,
			);
			name = Main.storyboard;
			sourceTree = "<group>";
		};
		B1FD78441AB4B1EF009DB201 /* LaunchScreen.xib */ = {
			isa = PBXVariantGroup;
			children = (
				B1FD78451AB4B1EF009DB201 /* Base */,
			);
			name = LaunchScreen.xib;
			sourceTree = "<group>";
		};
/* End PBXVariantGroup section */

/* Begin XCBuildConfiguration section */
		B1FD78531AB4B1EF009DB201 /* Debug */ = {
			isa = XCBuildConfiguration;
			buildSettings = {
				ALWAYS_SEARCH_USER_PATHS = NO;
				CLANG_CXX_LANGUAGE_STANDARD = "gnu++0x";
				CLANG_CXX_LIBRARY = "libc++";
				CLANG_ENABLE_MODULES = YES;
				CLANG_ENABLE_OBJC_ARC = YES;
				CLANG_WARN_BOOL_CONVERSION = YES;
				CLANG_WARN_CONSTANT_CONVERSION = YES;
				CLANG_WARN_DIRECT_OBJC_ISA_USAGE = YES_ERROR;
				CLANG_WARN_EMPTY_BODY = YES;
				CLANG_WARN_ENUM_CONVERSION = YES;
				CLANG_WARN_INT_CONVERSION = YES;
				CLANG_WARN_OBJC_ROOT_CLASS = YES_ERROR;
				CLANG_WARN_UNREACHABLE_CODE = YES;
				CLANG_WARN__DUPLICATE_METHOD_MATCH = YES;
				"CODE_SIGN_IDENTITY[sdk=iphoneos*]" = "iPhone Developer";
				COPY_PHASE_STRIP = NO;
				ENABLE_STRICT_OBJC_MSGSEND = YES;
				GCC_C_LANGUAGE_STANDARD = gnu99;
				GCC_DYNAMIC_NO_PIC = NO;
				GCC_OPTIMIZATION_LEVEL = 0;
				GCC_PREPROCESSOR_DEFINITIONS = (
					"DEBUG=1",
					"$(inherited)",
				);
				GCC_SYMBOLS_PRIVATE_EXTERN = NO;
				GCC_WARN_64_TO_32_BIT_CONVERSION = YES;
				GCC_WARN_ABOUT_RETURN_TYPE = YES_ERROR;
				GCC_WARN_UNDECLARED_SELECTOR = YES;
				GCC_WARN_UNINITIALIZED_AUTOS = YES_AGGRESSIVE;
				GCC_WARN_UNUSED_FUNCTION = YES;
				GCC_WARN_UNUSED_VARIABLE = YES;
				IPHONEOS_DEPLOYMENT_TARGET = 8.1;
				MTL_ENABLE_DEBUG_INFO = YES;
				ONLY_ACTIVE_ARCH = YES;
				SDKROOT = iphoneos;
			};
			name = Debug;
		};
		B1FD78541AB4B1EF009DB201 /* Release */ = {
			isa = XCBuildConfiguration;
			buildSettings = {
				ALWAYS_SEARCH_USER_PATHS = NO;
				CLANG_CXX_LANGUAGE_STANDARD = "gnu++0x";
				CLANG_CXX_LIBRARY = "libc++";
				CLANG_ENABLE_MODULES = YES;
				CLANG_ENABLE_OBJC_ARC = YES;
				CLANG_WARN_BOOL_CONVERSION = YES;
				CLANG_WARN_CONSTANT_CONVERSION = YES;
				CLANG_WARN_DIRECT_OBJC_ISA_USAGE = YES_ERROR;
				CLANG_WARN_EMPTY_BODY = YES;
				CLANG_WARN_ENUM_CONVERSION = YES;
				CLANG_WARN_INT_CONVERSION = YES;
				CLANG_WARN_OBJC_ROOT_CLASS = YES_ERROR;
				CLANG_WARN_UNREACHABLE_CODE = YES;
				CLANG_WARN__DUPLICATE_METHOD_MATCH = YES;
				"CODE_SIGN_IDENTITY[sdk=iphoneos*]" = "iPhone Developer";
				COPY_PHASE_STRIP = YES;
				ENABLE_NS_ASSERTIONS = NO;
				ENABLE_STRICT_OBJC_MSGSEND = YES;
				GCC_C_LANGUAGE_STANDARD = gnu99;
				GCC_WARN_64_TO_32_BIT_CONVERSION = YES;
				GCC_WARN_ABOUT_RETURN_TYPE = YES_ERROR;
				GCC_WARN_UNDECLARED_SELECTOR = YES;
				GCC_WARN_UNINITIALIZED_AUTOS = YES_AGGRESSIVE;
				GCC_WARN_UNUSED_FUNCTION = YES;
				GCC_WARN_UNUSED_VARIABLE = YES;
				IPHONEOS_DEPLOYMENT_TARGET = 8.1;
				MTL_ENABLE_DEBUG_INFO = NO;
				SDKROOT = iphoneos;
				VALIDATE_PRODUCT = YES;
			};
			name = Release;
		};
		B1FD78561AB4B1EF009DB201 /* Debug */ = {
			isa = XCBuildConfiguration;
			baseConfigurationReference = 71B554221B66B59E7BB6B5DA /* Pods.debug.xcconfig */;
			buildSettings = {
				ASSETCATALOG_COMPILER_APPICON_NAME = AppIcon;
				CODE_SIGN_IDENTITY = "iPhone Distribution: Korrent Corporation";
				"CODE_SIGN_IDENTITY[sdk=iphoneos*]" = "iPhone Distribution: Korrent Corporation";
				FRAMEWORK_SEARCH_PATHS = (
					"$(inherited)",
					"$(PROJECT_DIR)",
				);
				INFOPLIST_FILE = "HomeWork Scribe/Info.plist";
				IPHONEOS_DEPLOYMENT_TARGET = 8.0;
				LD_RUNPATH_SEARCH_PATHS = "$(inherited) @executable_path/Frameworks";
				PRODUCT_NAME = "$(TARGET_NAME)";
				PROVISIONING_PROFILE = "a1ebca18-e2ba-4d9b-96a3-cafcf89b019b";
				TARGETED_DEVICE_FAMILY = 1;
			};
			name = Debug;
		};
		B1FD78571AB4B1EF009DB201 /* Release */ = {
			isa = XCBuildConfiguration;
			baseConfigurationReference = C6895AC8823DB1EC7602983F /* Pods.release.xcconfig */;
			buildSettings = {
				ASSETCATALOG_COMPILER_APPICON_NAME = AppIcon;
				CODE_SIGN_IDENTITY = "iPhone Distribution: Korrent Corporation";
				"CODE_SIGN_IDENTITY[sdk=iphoneos*]" = "iPhone Distribution: Korrent Corporation";
				FRAMEWORK_SEARCH_PATHS = (
					"$(inherited)",
					"$(PROJECT_DIR)",
				);
				INFOPLIST_FILE = "HomeWork Scribe/Info.plist";
				IPHONEOS_DEPLOYMENT_TARGET = 8.0;
				LD_RUNPATH_SEARCH_PATHS = "$(inherited) @executable_path/Frameworks";
				PRODUCT_NAME = "$(TARGET_NAME)";
				PROVISIONING_PROFILE = "a1ebca18-e2ba-4d9b-96a3-cafcf89b019b";
				TARGETED_DEVICE_FAMILY = 1;
			};
			name = Release;
		};
		B1FD78591AB4B1EF009DB201 /* Debug */ = {
			isa = XCBuildConfiguration;
			buildSettings = {
				BUNDLE_LOADER = "$(TEST_HOST)";
				FRAMEWORK_SEARCH_PATHS = (
					"$(SDKROOT)/Developer/Library/Frameworks",
					"$(inherited)",
				);
				GCC_PREPROCESSOR_DEFINITIONS = (
					"DEBUG=1",
					"$(inherited)",
				);
				INFOPLIST_FILE = "HomeWork ScribeTests/Info.plist";
				LD_RUNPATH_SEARCH_PATHS = "$(inherited) @executable_path/Frameworks @loader_path/Frameworks";
				PRODUCT_NAME = "$(TARGET_NAME)";
				TEST_HOST = "$(BUILT_PRODUCTS_DIR)/HomeWork Scribe.app/HomeWork Scribe";
			};
			name = Debug;
		};
		B1FD785A1AB4B1EF009DB201 /* Release */ = {
			isa = XCBuildConfiguration;
			buildSettings = {
				BUNDLE_LOADER = "$(TEST_HOST)";
				FRAMEWORK_SEARCH_PATHS = (
					"$(SDKROOT)/Developer/Library/Frameworks",
					"$(inherited)",
				);
				INFOPLIST_FILE = "HomeWork ScribeTests/Info.plist";
				LD_RUNPATH_SEARCH_PATHS = "$(inherited) @executable_path/Frameworks @loader_path/Frameworks";
				PRODUCT_NAME = "$(TARGET_NAME)";
				TEST_HOST = "$(BUILT_PRODUCTS_DIR)/HomeWork Scribe.app/HomeWork Scribe";
			};
			name = Release;
		};
/* End XCBuildConfiguration section */

/* Begin XCConfigurationList section */
		B1FD782D1AB4B1EF009DB201 /* Build configuration list for PBXProject "HomeWork Scribe" */ = {
			isa = XCConfigurationList;
			buildConfigurations = (
				B1FD78531AB4B1EF009DB201 /* Debug */,
				B1FD78541AB4B1EF009DB201 /* Release */,
			);
			defaultConfigurationIsVisible = 0;
			defaultConfigurationName = Release;
		};
		B1FD78551AB4B1EF009DB201 /* Build configuration list for PBXNativeTarget "HomeWork Scribe" */ = {
			isa = XCConfigurationList;
			buildConfigurations = (
				B1FD78561AB4B1EF009DB201 /* Debug */,
				B1FD78571AB4B1EF009DB201 /* Release */,
			);
			defaultConfigurationIsVisible = 0;
			defaultConfigurationName = Release;
		};
		B1FD78581AB4B1EF009DB201 /* Build configuration list for PBXNativeTarget "HomeWork ScribeTests" */ = {
			isa = XCConfigurationList;
			buildConfigurations = (
				B1FD78591AB4B1EF009DB201 /* Debug */,
				B1FD785A1AB4B1EF009DB201 /* Release */,
			);
			defaultConfigurationIsVisible = 0;
			defaultConfigurationName = Release;
		};
/* End XCConfigurationList section */
	};
	rootObject = B1FD782A1AB4B1EF009DB201 /* Project object */;
}
